
Microsoft Visual Studio Solution File, Format Version 12.00
# Visual Studio 15
VisualStudioVersion = 15.0.28307.902
MinimumVisualStudioVersion = 10.0.40219.1
Project("{FAE04EC0-301F-11D3-BF4B-00C04F79EFBC}") = "Asp.NetCorePOC", "Asp.NetCorePOC\Asp.NetCorePOC.csproj", "{38A164B3-E739-43AD-9F73-A098237B585D}"
EndProject
Project("{FAE04EC0-301F-11D3-BF4B-00C04F79EFBC}") = "Asp.NetCorePOC.Model", "Asp.NetCorePOC.Model\Asp.NetCorePOC.Model.csproj", "{4CC02A0F-E069-496A-8D60-54BE4AD523C6}"
EndProject
Project("{FAE04EC0-301F-11D3-BF4B-00C04F79EFBC}") = "Asp.NetCorePOC.Data", "Asp.NetCorePOC.Data\Asp.NetCorePOC.Data.csproj", "{5CE64799-4D71-43DD-A0F0-DD14EB90DBB0}"
EndProject
Global
	GlobalSection(SolutionConfigurationPlatforms) = preSolution
		Debug|Any CPU = Debug|Any CPU
		Release|Any CPU = Release|Any CPU
	EndGlobalSection
	GlobalSection(ProjectConfigurationPlatforms) = postSolution
		{38A164B3-E739-43AD-9F73-A098237B585D}.Debug|Any CPU.ActiveCfg = Debug|Any CPU
		{38A164B3-E739-43AD-9F73-A098237B585D}.Debug|Any CPU.Build.0 = Debug|Any CPU
		{38A164B3-E739-43AD-9F73-A098237B585D}.Release|Any CPU.ActiveCfg = Release|Any CPU
		{38A164B3-E739-43AD-9F73-A098237B585D}.Release|Any CPU.Build.0 = Release|Any CPU
		{4CC02A0F-E069-496A-8D60-54BE4AD523C6}.Debug|Any CPU.ActiveCfg = Debug|Any CPU
		{4CC02A0F-E069-496A-8D60-54BE4AD523C6}.Debug|Any CPU.Build.0 = Debug|Any CPU
		{4CC02A0F-E069-496A-8D60-54BE4AD523C6}.Release|Any CPU.ActiveCfg = Release|Any CPU
		{4CC02A0F-E069-496A-8D60-54BE4AD523C6}.Release|Any CPU.Build.0 = Release|Any CPU
		{5CE64799-4D71-43DD-A0F0-DD14EB90DBB0}.Debug|Any CPU.ActiveCfg = Debug|Any CPU
		{5CE64799-4D71-43DD-A0F0-DD14EB90DBB0}.Debug|Any CPU.Build.0 = Debug|Any CPU
		{5CE64799-4D71-43DD-A0F0-DD14EB90DBB0}.Release|Any CPU.ActiveCfg = Release|Any CPU
		{5CE64799-4D71-43DD-A0F0-DD14EB90DBB0}.Release|Any CPU.Build.0 = Release|Any CPU
	EndGlobalSection
	GlobalSection(SolutionProperties) = preSolution
		HideSolutionNode = FALSE
	EndGlobalSection
	GlobalSection(ExtensibilityGlobals) = postSolution
		SolutionGuid = {B97A5F71-01C6-4D74-AA95-DC6B8077C3EF}
	EndGlobalSection
EndGlobal
